
Microsoft Visual Studio Solution File, Format Version 12.00
# Visual Studio Version 16
VisualStudioVersion = 16.0.31402.337
MinimumVisualStudioVersion = 10.0.40219.1
Project("{FAE04EC0-301F-11D3-BF4B-00C04F79EFBC}") = "BunproApp", "BunproApp.csproj", "{86D601C2-8D68-469D-823C-893852E85E51}"
EndProject
Global
	GlobalSection(SolutionConfigurationPlatforms) = preSolution
		Debug|Any CPU = Debug|Any CPU
		Release|Any CPU = Release|Any CPU
	EndGlobalSection
	GlobalSection(ProjectConfigurationPlatforms) = postSolution
		{86D601C2-8D68-469D-823C-893852E85E51}.Debug|Any CPU.ActiveCfg = Debug|Any CPU
		{86D601C2-8D68-469D-823C-893852E85E51}.Debug|Any CPU.Build.0 = Debug|Any CPU
		{86D601C2-8D68-469D-823C-893852E85E51}.Release|Any CPU.ActiveCfg = Release|Any CPU
		{86D601C2-8D68-469D-823C-893852E85E51}.Release|Any CPU.Build.0 = Release|Any CPU
	EndGlobalSection
	GlobalSection(SolutionProperties) = preSolution
		HideSolutionNode = FALSE
	EndGlobalSection
	GlobalSection(ExtensibilityGlobals) = postSolution
		SolutionGuid = {8939D349-5B70-495F-8982-06EE78E84233}
	EndGlobalSection
EndGlobal
